// !$*UTF8*$!
{
	archiveVersion = 1;
	classes = {
	};
	objectVersion = 50;
	objects = {

/* Begin PBXBuildFile section */
		D10C71BD22FFF5D900D8C52C /* OfficeTableViewCell.swift in Sources */ = {isa = PBXBuildFile; fileRef = D10C71BC22FFF5D900D8C52C /* OfficeTableViewCell.swift */; };
		D10C71BF22FFF9ED00D8C52C /* OfficeTableViewController.swift in Sources */ = {isa = PBXBuildFile; fileRef = D10C71BE22FFF9ED00D8C52C /* OfficeTableViewController.swift */; };
		D150E6D823015E0100F227DF /* SpaceTableViewController.swift in Sources */ = {isa = PBXBuildFile; fileRef = D150E6D723015E0100F227DF /* SpaceTableViewController.swift */; };
		D1A76A9A22FEA5D600724AE9 /* AppDelegate.swift in Sources */ = {isa = PBXBuildFile; fileRef = D1A76A9922FEA5D600724AE9 /* AppDelegate.swift */; };
		D1A76A9F22FEA5D600724AE9 /* Main.storyboard in Resources */ = {isa = PBXBuildFile; fileRef = D1A76A9D22FEA5D600724AE9 /* Main.storyboard */; };
		D1A76AA122FEA5D800724AE9 /* Assets.xcassets in Resources */ = {isa = PBXBuildFile; fileRef = D1A76AA022FEA5D800724AE9 /* Assets.xcassets */; };
		D1A76AA422FEA5D800724AE9 /* LaunchScreen.storyboard in Resources */ = {isa = PBXBuildFile; fileRef = D1A76AA222FEA5D800724AE9 /* LaunchScreen.storyboard */; };
		D1C7E55B230256950047D1C2 /* SpaceTableViewCell.swift in Sources */ = {isa = PBXBuildFile; fileRef = D1C7E55A230256950047D1C2 /* SpaceTableViewCell.swift */; };
		D1EA92AA22FECDB500217CC4 /* ResultDataSet.swift in Sources */ = {isa = PBXBuildFile; fileRef = D1EA92A922FECDB500217CC4 /* ResultDataSet.swift */; };
/* End PBXBuildFile section */

/* Begin PBXFileReference section */
		D10C71BC22FFF5D900D8C52C /* OfficeTableViewCell.swift */ = {isa = PBXFileReference; lastKnownFileType = sourcecode.swift; path = OfficeTableViewCell.swift; sourceTree = "<group>"; };
		D10C71BE22FFF9ED00D8C52C /* OfficeTableViewController.swift */ = {isa = PBXFileReference; lastKnownFileType = sourcecode.swift; path = OfficeTableViewController.swift; sourceTree = "<group>"; };
		D150E6D723015E0100F227DF /* SpaceTableViewController.swift */ = {isa = PBXFileReference; lastKnownFileType = sourcecode.swift; path = SpaceTableViewController.swift; sourceTree = "<group>"; };
		D1A76A9622FEA5D500724AE9 /* ReserveAppiOSClient.app */ = {isa = PBXFileReference; explicitFileType = wrapper.application; includeInIndex = 0; path = ReserveAppiOSClient.app; sourceTree = BUILT_PRODUCTS_DIR; };
		D1A76A9922FEA5D600724AE9 /* AppDelegate.swift */ = {isa = PBXFileReference; lastKnownFileType = sourcecode.swift; path = AppDelegate.swift; sourceTree = "<group>"; };
		D1A76A9E22FEA5D600724AE9 /* Base */ = {isa = PBXFileReference; lastKnownFileType = file.storyboard; name = Base; path = Base.lproj/Main.storyboard; sourceTree = "<group>"; };
		D1A76AA022FEA5D800724AE9 /* Assets.xcassets */ = {isa = PBXFileReference; lastKnownFileType = folder.assetcatalog; path = Assets.xcassets; sourceTree = "<group>"; };
		D1A76AA322FEA5D800724AE9 /* Base */ = {isa = PBXFileReference; lastKnownFileType = file.storyboard; name = Base; path = Base.lproj/LaunchScreen.storyboard; sourceTree = "<group>"; };
		D1A76AA522FEA5D800724AE9 /* Info.plist */ = {isa = PBXFileReference; lastKnownFileType = text.plist.xml; path = Info.plist; sourceTree = "<group>"; };
		D1C7E55A230256950047D1C2 /* SpaceTableViewCell.swift */ = {isa = PBXFileReference; lastKnownFileType = sourcecode.swift; path = SpaceTableViewCell.swift; sourceTree = "<group>"; };
		D1EA92A922FECDB500217CC4 /* ResultDataSet.swift */ = {isa = PBXFileReference; lastKnownFileType = sourcecode.swift; path = ResultDataSet.swift; sourceTree = "<group>"; };
/* End PBXFileReference section */

/* Begin PBXFrameworksBuildPhase section */
		D1A76A9322FEA5D500724AE9 /* Frameworks */ = {
			isa = PBXFrameworksBuildPhase;
			buildActionMask = 2147483647;
			files = (
			);
			runOnlyForDeploymentPostprocessing = 0;
		};
/* End PBXFrameworksBuildPhase section */

/* Begin PBXGroup section */
		D1A76A8D22FEA5D500724AE9 = {
			isa = PBXGroup;
			children = (
				D1A76A9822FEA5D500724AE9 /* ReserveAppiOSClient */,
				D1A76A9722FEA5D500724AE9 /* Products */,
			);
			sourceTree = "<group>";
		};
		D1A76A9722FEA5D500724AE9 /* Products */ = {
			isa = PBXGroup;
			children = (
				D1A76A9622FEA5D500724AE9 /* ReserveAppiOSClient.app */,
			);
			name = Products;
			sourceTree = "<group>";
		};
		D1A76A9822FEA5D500724AE9 /* ReserveAppiOSClient */ = {
			isa = PBXGroup;
			children = (
				D1A76A9922FEA5D600724AE9 /* AppDelegate.swift */,
				D1EA92A922FECDB500217CC4 /* ResultDataSet.swift */,
				D10C71BC22FFF5D900D8C52C /* OfficeTableViewCell.swift */,
				D10C71BE22FFF9ED00D8C52C /* OfficeTableViewController.swift */,
				D1C7E55A230256950047D1C2 /* SpaceTableViewCell.swift */,
				D150E6D723015E0100F227DF /* SpaceTableViewController.swift */,
				D1A76A9D22FEA5D600724AE9 /* Main.storyboard */,
				D1A76AA022FEA5D800724AE9 /* Assets.xcassets */,
				D1A76AA222FEA5D800724AE9 /* LaunchScreen.storyboard */,
				D1A76AA522FEA5D800724AE9 /* Info.plist */,
			);
			path = ReserveAppiOSClient;
			sourceTree = "<group>";
		};
/* End PBXGroup section */

/* Begin PBXNativeTarget section */
		D1A76A9522FEA5D500724AE9 /* ReserveAppiOSClient */ = {
			isa = PBXNativeTarget;
			buildConfigurationList = D1A76AA822FEA5D800724AE9 /* Build configuration list for PBXNativeTarget "ReserveAppiOSClient" */;
			buildPhases = (
				D1A76A9222FEA5D500724AE9 /* Sources */,
				D1A76A9322FEA5D500724AE9 /* Frameworks */,
				D1A76A9422FEA5D500724AE9 /* Resources */,
			);
			buildRules = (
			);
			dependencies = (
			);
			name = ReserveAppiOSClient;
			productName = ReserveAppiOSClient;
			productReference = D1A76A9622FEA5D500724AE9 /* ReserveAppiOSClient.app */;
			productType = "com.apple.product-type.application";
		};
/* End PBXNativeTarget section */

/* Begin PBXProject section */
		D1A76A8E22FEA5D500724AE9 /* Project object */ = {
			isa = PBXProject;
			attributes = {
				LastSwiftUpdateCheck = 0930;
				LastUpgradeCheck = 0930;
				ORGANIZATIONNAME = YoheiTerashima;
				TargetAttributes = {
					D1A76A9522FEA5D500724AE9 = {
						CreatedOnToolsVersion = 9.3;
					};
				};
			};
			buildConfigurationList = D1A76A9122FEA5D500724AE9 /* Build configuration list for PBXProject "ReserveAppiOSClient" */;
			compatibilityVersion = "Xcode 9.3";
			developmentRegion = en;
			hasScannedForEncodings = 0;
			knownRegions = (
				en,
				Base,
			);
			mainGroup = D1A76A8D22FEA5D500724AE9;
			productRefGroup = D1A76A9722FEA5D500724AE9 /* Products */;
			projectDirPath = "";
			projectRoot = "";
			targets = (
				D1A76A9522FEA5D500724AE9 /* ReserveAppiOSClient */,
			);
		};
/* End PBXProject section */

/* Begin PBXResourcesBuildPhase section */
		D1A76A9422FEA5D500724AE9 /* Resources */ = {
			isa = PBXResourcesBuildPhase;
			buildActionMask = 2147483647;
			files = (
				D1A76AA422FEA5D800724AE9 /* LaunchScreen.storyboard in Resources */,
				D1A76AA122FEA5D800724AE9 /* Assets.xcassets in Resources */,
				D1A76A9F22FEA5D600724AE9 /* Main.storyboard in Resources */,
			);
			runOnlyForDeploymentPostprocessing = 0;
		};
/* End PBXResourcesBuildPhase section */

/* Begin PBXSourcesBuildPhase section */
		D1A76A9222FEA5D500724AE9 /* Sources */ = {
			isa = PBXSourcesBuildPhase;
			buildActionMask = 2147483647;
			files = (
				D10C71BF22FFF9ED00D8C52C /* OfficeTableViewController.swift in Sources */,
				D150E6D823015E0100F227DF /* SpaceTableViewController.swift in Sources */,
				D1EA92AA22FECDB500217CC4 /* ResultDataSet.swift in Sources */,
				D1A76A9A22FEA5D600724AE9 /* AppDelegate.swift in Sources */,
				D1C7E55B230256950047D1C2 /* SpaceTableViewCell.swift in Sources */,
				D10C71BD22FFF5D900D8C52C /* OfficeTableViewCell.swift in Sources */,
			);
			runOnlyForDeploymentPostprocessing = 0;
		};
/* End PBXSourcesBuildPhase section */

/* Begin PBXVariantGroup section */
		D1A76A9D22FEA5D600724AE9 /* Main.storyboard */ = {
			isa = PBXVariantGroup;
			children = (
				D1A76A9E22FEA5D600724AE9 /* Base */,
			);
			name = Main.storyboard;
			sourceTree = "<group>";
		};
		D1A76AA222FEA5D800724AE9 /* LaunchScreen.storyboard */ = {
			isa = PBXVariantGroup;
			children = (
				D1A76AA322FEA5D800724AE9 /* Base */,
			);
			name = LaunchScreen.storyboard;
			sourceTree = "<group>";
		};
/* End PBXVariantGroup section */

/* Begin XCBuildConfiguration section */
		D1A76AA622FEA5D800724AE9 /* Debug */ = {
			isa = XCBuildConfiguration;
			buildSettings = {
				ALWAYS_SEARCH_USER_PATHS = NO;
				CLANG_ANALYZER_NONNULL = YES;
				CLANG_ANALYZER_NUMBER_OBJECT_CONVERSION = YES_AGGRESSIVE;
				CLANG_CXX_LANGUAGE_STANDARD = "gnu++14";
				CLANG_CXX_LIBRARY = "libc++";
				CLANG_ENABLE_MODULES = YES;
				CLANG_ENABLE_OBJC_ARC = YES;
				CLANG_ENABLE_OBJC_WEAK = YES;
				CLANG_WARN_BLOCK_CAPTURE_AUTORELEASING = YES;
				CLANG_WARN_BOOL_CONVERSION = YES;
				CLANG_WARN_COMMA = YES;
				CLANG_WARN_CONSTANT_CONVERSION = YES;
				CLANG_WARN_DEPRECATED_OBJC_IMPLEMENTATIONS = YES;
				CLANG_WARN_DIRECT_OBJC_ISA_USAGE = YES_ERROR;
				CLANG_WARN_DOCUMENTATION_COMMENTS = YES;
				CLANG_WARN_EMPTY_BODY = YES;
				CLANG_WARN_ENUM_CONVERSION = YES;
				CLANG_WARN_INFINITE_RECURSION = YES;
				CLANG_WARN_INT_CONVERSION = YES;
				CLANG_WARN_NON_LITERAL_NULL_CONVERSION = YES;
				CLANG_WARN_OBJC_IMPLICIT_RETAIN_SELF = YES;
				CLANG_WARN_OBJC_LITERAL_CONVERSION = YES;
				CLANG_WARN_OBJC_ROOT_CLASS = YES_ERROR;
				CLANG_WARN_RANGE_LOOP_ANALYSIS = YES;
				CLANG_WARN_STRICT_PROTOTYPES = YES;
				CLANG_WARN_SUSPICIOUS_MOVE = YES;
				CLANG_WARN_UNGUARDED_AVAILABILITY = YES_AGGRESSIVE;
				CLANG_WARN_UNREACHABLE_CODE = YES;
				CLANG_WARN__DUPLICATE_METHOD_MATCH = YES;
				CODE_SIGN_IDENTITY = "iPhone Developer";
				COPY_PHASE_STRIP = NO;
				DEBUG_INFORMATION_FORMAT = dwarf;
				ENABLE_STRICT_OBJC_MSGSEND = YES;
				ENABLE_TESTABILITY = YES;
				GCC_C_LANGUAGE_STANDARD = gnu11;
				GCC_DYNAMIC_NO_PIC = NO;
				GCC_NO_COMMON_BLOCKS = YES;
				GCC_OPTIMIZATION_LEVEL = 0;
				GCC_PREPROCESSOR_DEFINITIONS = (
					"DEBUG=1",
					"$(inherited)",
				);
				GCC_WARN_64_TO_32_BIT_CONVERSION = YES;
				GCC_WARN_ABOUT_RETURN_TYPE = YES_ERROR;
				GCC_WARN_UNDECLARED_SELECTOR = YES;
				GCC_WARN_UNINITIALIZED_AUTOS = YES_AGGRESSIVE;
				GCC_WARN_UNUSED_FUNCTION = YES;
				GCC_WARN_UNUSED_VARIABLE = YES;
				IPHONEOS_DEPLOYMENT_TARGET = 11.3;
				MTL_ENABLE_DEBUG_INFO = YES;
				ONLY_ACTIVE_ARCH = YES;
				SDKROOT = iphoneos;
				SWIFT_ACTIVE_COMPILATION_CONDITIONS = DEBUG;
				SWIFT_OPTIMIZATION_LEVEL = "-Onone";
			};
			name = Debug;
		};
		D1A76AA722FEA5D800724AE9 /* Release */ = {
			isa = XCBuildConfiguration;
			buildSettings = {
				ALWAYS_SEARCH_USER_PATHS = NO;
				CLANG_ANALYZER_NONNULL = YES;
				CLANG_ANALYZER_NUMBER_OBJECT_CONVERSION = YES_AGGRESSIVE;
				CLANG_CXX_LANGUAGE_STANDARD = "gnu++14";
				CLANG_CXX_LIBRARY = "libc++";
				CLANG_ENABLE_MODULES = YES;
				CLANG_ENABLE_OBJC_ARC = YES;
				CLANG_ENABLE_OBJC_WEAK = YES;
				CLANG_WARN_BLOCK_CAPTURE_AUTORELEASING = YES;
				CLANG_WARN_BOOL_CONVERSION = YES;
				CLANG_WARN_COMMA = YES;
				CLANG_WARN_CONSTANT_CONVERSION = YES;
				CLANG_WARN_DEPRECATED_OBJC_IMPLEMENTATIONS = YES;
				CLANG_WARN_DIRECT_OBJC_ISA_USAGE = YES_ERROR;
				CLANG_WARN_DOCUMENTATION_COMMENTS = YES;
				CLANG_WARN_EMPTY_BODY = YES;
				CLANG_WARN_ENUM_CONVERSION = YES;
				CLANG_WARN_INFINITE_RECURSION = YES;
				CLANG_WARN_INT_CONVERSION = YES;
				CLANG_WARN_NON_LITERAL_NULL_CONVERSION = YES;
				CLANG_WARN_OBJC_IMPLICIT_RETAIN_SELF = YES;
				CLANG_WARN_OBJC_LITERAL_CONVERSION = YES;
				CLANG_WARN_OBJC_ROOT_CLASS = YES_ERROR;
				CLANG_WARN_RANGE_LOOP_ANALYSIS = YES;
				CLANG_WARN_STRICT_PROTOTYPES = YES;
				CLANG_WARN_SUSPICIOUS_MOVE = YES;
				CLANG_WARN_UNGUARDED_AVAILABILITY = YES_AGGRESSIVE;
				CLANG_WARN_UNREACHABLE_CODE = YES;
				CLANG_WARN__DUPLICATE_METHOD_MATCH = YES;
				CODE_SIGN_IDENTITY = "iPhone Developer";
				COPY_PHASE_STRIP = NO;
				DEBUG_INFORMATION_FORMAT = "dwarf-with-dsym";
				ENABLE_NS_ASSERTIONS = NO;
				ENABLE_STRICT_OBJC_MSGSEND = YES;
				GCC_C_LANGUAGE_STANDARD = gnu11;
				GCC_NO_COMMON_BLOCKS = YES;
				GCC_WARN_64_TO_32_BIT_CONVERSION = YES;
				GCC_WARN_ABOUT_RETURN_TYPE = YES_ERROR;
				GCC_WARN_UNDECLARED_SELECTOR = YES;
				GCC_WARN_UNINITIALIZED_AUTOS = YES_AGGRESSIVE;
				GCC_WARN_UNUSED_FUNCTION = YES;
				GCC_WARN_UNUSED_VARIABLE = YES;
				IPHONEOS_DEPLOYMENT_TARGET = 11.3;
				MTL_ENABLE_DEBUG_INFO = NO;
				SDKROOT = iphoneos;
				SWIFT_COMPILATION_MODE = wholemodule;
				SWIFT_OPTIMIZATION_LEVEL = "-O";
				VALIDATE_PRODUCT = YES;
			};
			name = Release;
		};
		D1A76AA922FEA5D800724AE9 /* Debug */ = {
			isa = XCBuildConfiguration;
			buildSettings = {
				ASSETCATALOG_COMPILER_APPICON_NAME = AppIcon;
				CODE_SIGN_STYLE = Automatic;
				DEVELOPMENT_TEAM = DCYC29YYSD;
				INFOPLIST_FILE = ReserveAppiOSClient/Info.plist;
				LD_RUNPATH_SEARCH_PATHS = (
					"$(inherited)",
					"@executable_path/Frameworks",
				);
				PRODUCT_BUNDLE_IDENTIFIER = com.yoheiterashima.ReserveAppiOSClient;
				PRODUCT_NAME = "$(TARGET_NAME)";
				SWIFT_VERSION = 4.0;
				TARGETED_DEVICE_FAMILY = "1,2";
			};
			name = Debug;
		};
		D1A76AAA22FEA5D800724AE9 /* Release */ = {
			isa = XCBuildConfiguration;
			buildSettings = {
				ASSETCATALOG_COMPILER_APPICON_NAME = AppIcon;
				CODE_SIGN_STYLE = Automatic;
				DEVELOPMENT_TEAM = DCYC29YYSD;
				INFOPLIST_FILE = ReserveAppiOSClient/Info.plist;
				LD_RUNPATH_SEARCH_PATHS = (
					"$(inherited)",
					"@executable_path/Frameworks",
				);
				PRODUCT_BUNDLE_IDENTIFIER = com.yoheiterashima.ReserveAppiOSClient;
				PRODUCT_NAME = "$(TARGET_NAME)";
				SWIFT_VERSION = 4.0;
				TARGETED_DEVICE_FAMILY = "1,2";
			};
			name = Release;
		};
/* End XCBuildConfiguration section */

/* Begin XCConfigurationList section */
		D1A76A9122FEA5D500724AE9 /* Build configuration list for PBXProject "ReserveAppiOSClient" */ = {
			isa = XCConfigurationList;
			buildConfigurations = (
				D1A76AA622FEA5D800724AE9 /* Debug */,
				D1A76AA722FEA5D800724AE9 /* Release */,
			);
			defaultConfigurationIsVisible = 0;
			defaultConfigurationName = Release;
		};
		D1A76AA822FEA5D800724AE9 /* Build configuration list for PBXNativeTarget "ReserveAppiOSClient" */ = {
			isa = XCConfigurationList;
			buildConfigurations = (
				D1A76AA922FEA5D800724AE9 /* Debug */,
				D1A76AAA22FEA5D800724AE9 /* Release */,
			);
			defaultConfigurationIsVisible = 0;
			defaultConfigurationName = Release;
		};
/* End XCConfigurationList section */
	};
	rootObject = D1A76A8E22FEA5D500724AE9 /* Project object */;
}
